<?xml version="1.0" encoding="utf-8"?>
<Project ToolsVersion="4.0" xmlns="http://schemas.microsoft.com/developer/msbuild/2003">
  <ItemGroup>
    <Filter Include="Source Files">
      <UniqueIdentifier>{4FC737F1-C7A5-4376-A066-2A32D752A2FF}</UniqueIdentifier>
      <Extensions>cpp;c;cc;cxx;def;odl;idl;hpj;bat;asm;asmx</Extensions>
    </Filter>
    <Filter Include="Header Files">
      <UniqueIdentifier>{93995380-89BD-4b04-88EB-625FBE52EBFB}</UniqueIdentifier>
      <Extensions>h;hh;hpp;hxx;hm;inl;inc;xsd</Extensions>
    </Filter>
    <Filter Include="Resource Files">
      <UniqueIdentifier>{67DA6AB6-F800-4c08-8B7A-83BB121AAD01}</UniqueIdentifier>
      <Extensions>rc;ico;cur;bmp;dlg;rc2;rct;bin;rgs;gif;jpg;jpeg;jpe;resx;tiff;tif;png;wav;mfcribbon-ms</Extensions>
    </Filter>
  </ItemGroup>
  <ItemGroup>
    <Text Include="../ReadMe.txt" />
  </ItemGroup>
  <ItemGroup>
    <ClInclude Include="include/Examples1.h">
      <Filter>Header Files</Filter>
    </ClInclude>
    <ClInclude Include="include/stdafx.h">
      <Filter>Header Files</Filter>
    </ClInclude>
    <ClInclude Include="include/targetver.h">
      <Filter>Header Files</Filter>
    </ClInclude>
    <ClInclude Include="RunExamples.h">
      <Filter>Header Files</Filter>
    </ClInclude>
    <ClInclude Include="include\examples.h">
      <Filter>Header Files</Filter>
    </ClInclude>
  </ItemGroup>
  <ItemGroup>
    <ClCompile Include="stdafx.cpp">
      <Filter>Source Files</Filter>
    </ClCompile>
    <ClCompile Include="source/Examples1.cpp">
      <Filter>Source Files</Filter>
    </ClCompile>
    <ClCompile Include="RunExamples.cpp">
      <Filter>Source Files</Filter>
    </ClCompile>
    <ClCompile Include="source\AddEllipse.cpp">
      <Filter>Source Files</Filter>
    </ClCompile>
    <ClCompile Include="source\AddGrid.cpp">
      <Filter>Source Files</Filter>
    </ClCompile>
    <ClCompile Include="source\AddHorizontalGradient.cpp">
      <Filter>Source Files</Filter>
    </ClCompile>
    <ClCompile Include="source\AddImage.cpp">
      <Filter>Source Files</Filter>
    </ClCompile>
    <ClCompile Include="source\AddLinearGradient.cpp">
      <Filter>Source Files</Filter>
    </ClCompile>
    <ClCompile Include="source\AddPage.cpp">
      <Filter>Source Files</Filter>
    </ClCompile>
    <ClCompile Include="source\AddRectangle.cpp">
      <Filter>Source Files</Filter>
    </ClCompile>
    <ClCompile Include="source\AddText.cpp">
      <Filter>Source Files</Filter>
    </ClCompile>
    <ClCompile Include="source\AddTextUsingUnicodeString.cpp">
      <Filter>Source Files</Filter>
    </ClCompile>
    <ClCompile Include="source\AddTiledImage.cpp">
      <Filter>Source Files</Filter>
    </ClCompile>
    <ClCompile Include="source\AddTransparentObject.cpp">
      <Filter>Source Files</Filter>
    </ClCompile>
    <ClCompile Include="source\AddVerticalGradient.cpp">
      <Filter>Source Files</Filter>
    </ClCompile>
    <ClCompile Include="source\ApplyLicenseFromFile.cpp">
      <Filter>Source Files</Filter>
    </ClCompile>
    <ClCompile Include="source\ApplyLicenseFromStreamObject.cpp">
      <Filter>Source Files</Filter>
    </ClCompile>
    <ClCompile Include="source\PostScriptToImage.cpp">
      <Filter>Source Files</Filter>
    </ClCompile>
    <ClCompile Include="source\PostScriptToPdf.cpp">
      <Filter>Source Files</Filter>
    </ClCompile>
    <ClCompile Include="source\SetOpacityMask.cpp">
      <Filter>Source Files</Filter>
    </ClCompile>
    <ClCompile Include="source\XPStoBMP.cpp">
      <Filter>Source Files</Filter>
    </ClCompile>
    <ClCompile Include="source\XPStoJPEG.cpp">
      <Filter>Source Files</Filter>
    </ClCompile>
    <ClCompile Include="source\XPStoPDF.cpp">
      <Filter>Source Files</Filter>
    </ClCompile>
    <ClCompile Include="source\XPStoPNG.cpp">
      <Filter>Source Files</Filter>
    </ClCompile>
    <ClCompile Include="source\XPStoTIFF.cpp">
      <Filter>Source Files</Filter>
    </ClCompile>
  </ItemGroup>
  <ItemGroup>
    <Natvis Include="$(MSBuildThisFileDirectory)misc\natvis\aspose_types.natvis" />
  </ItemGroup>
</Project>